
Microsoft Visual Studio Solution File, Format Version 12.00
# Visual Studio Version 17
VisualStudioVersion = 17.13.35931.197
MinimumVisualStudioVersion = 10.0.40219.1
Project("{FAE04EC0-301F-11D3-BF4B-00C04F79EFBC}") = "Day1", "Day1\Day1.csproj", "{8311B17C-DF3B-486E-950A-17332B85133D}"
EndProject
Project("{FAE04EC0-301F-11D3-BF4B-00C04F79EFBC}") = "Day2", "Day2\Day2.csproj", "{6C573214-9B52-4A84-957F-D24821EFD5F8}"
EndProject
Project("{FAE04EC0-301F-11D3-BF4B-00C04F79EFBC}") = "Day3", "Day3\Day3.csproj", "{45818CDA-9E79-407A-B78E-C87BEFFCA62C}"
EndProject
Project("{FAE04EC0-301F-11D3-BF4B-00C04F79EFBC}") = "Day4", "Day4\Day4.csproj", "{5C3EC1B1-DE30-4498-8EA3-9CCBD75A0B3F}"
EndProject
Project("{FAE04EC0-301F-11D3-BF4B-00C04F79EFBC}") = "Day5", "Day5\Day5.csproj", "{4773BBEA-9395-4183-9635-978B82972D29}"
EndProject
Project("{FAE04EC0-301F-11D3-BF4B-00C04F79EFBC}") = "Day6", "Day6\Day6.csproj", "{09FEC3B3-2A2C-463F-AF08-69AA130ACB3A}"
EndProject
Project("{FAE04EC0-301F-11D3-BF4B-00C04F79EFBC}") = "Day7", "Day7\Day7.csproj", "{2AAD0659-CDEF-440F-BCA0-13722150A02D}"
EndProject
Global
	GlobalSection(SolutionConfigurationPlatforms) = preSolution
		Debug|Any CPU = Debug|Any CPU
		Release|Any CPU = Release|Any CPU
	EndGlobalSection
	GlobalSection(ProjectConfigurationPlatforms) = postSolution
		{8311B17C-DF3B-486E-950A-17332B85133D}.Debug|Any CPU.ActiveCfg = Debug|Any CPU
		{8311B17C-DF3B-486E-950A-17332B85133D}.Debug|Any CPU.Build.0 = Debug|Any CPU
		{8311B17C-DF3B-486E-950A-17332B85133D}.Release|Any CPU.ActiveCfg = Release|Any CPU
		{8311B17C-DF3B-486E-950A-17332B85133D}.Release|Any CPU.Build.0 = Release|Any CPU
		{6C573214-9B52-4A84-957F-D24821EFD5F8}.Debug|Any CPU.ActiveCfg = Debug|Any CPU
		{6C573214-9B52-4A84-957F-D24821EFD5F8}.Debug|Any CPU.Build.0 = Debug|Any CPU
		{6C573214-9B52-4A84-957F-D24821EFD5F8}.Release|Any CPU.ActiveCfg = Release|Any CPU
		{6C573214-9B52-4A84-957F-D24821EFD5F8}.Release|Any CPU.Build.0 = Release|Any CPU
		{45818CDA-9E79-407A-B78E-C87BEFFCA62C}.Debug|Any CPU.ActiveCfg = Debug|Any CPU
		{45818CDA-9E79-407A-B78E-C87BEFFCA62C}.Debug|Any CPU.Build.0 = Debug|Any CPU
		{45818CDA-9E79-407A-B78E-C87BEFFCA62C}.Release|Any CPU.ActiveCfg = Release|Any CPU
		{45818CDA-9E79-407A-B78E-C87BEFFCA62C}.Release|Any CPU.Build.0 = Release|Any CPU
		{5C3EC1B1-DE30-4498-8EA3-9CCBD75A0B3F}.Debug|Any CPU.ActiveCfg = Debug|Any CPU
		{5C3EC1B1-DE30-4498-8EA3-9CCBD75A0B3F}.Debug|Any CPU.Build.0 = Debug|Any CPU
		{5C3EC1B1-DE30-4498-8EA3-9CCBD75A0B3F}.Release|Any CPU.ActiveCfg = Release|Any CPU
		{5C3EC1B1-DE30-4498-8EA3-9CCBD75A0B3F}.Release|Any CPU.Build.0 = Release|Any CPU
		{4773BBEA-9395-4183-9635-978B82972D29}.Debug|Any CPU.ActiveCfg = Debug|Any CPU
		{4773BBEA-9395-4183-9635-978B82972D29}.Debug|Any CPU.Build.0 = Debug|Any CPU
		{4773BBEA-9395-4183-9635-978B82972D29}.Release|Any CPU.ActiveCfg = Release|Any CPU
		{4773BBEA-9395-4183-9635-978B82972D29}.Release|Any CPU.Build.0 = Release|Any CPU
		{09FEC3B3-2A2C-463F-AF08-69AA130ACB3A}.Debug|Any CPU.ActiveCfg = Debug|Any CPU
		{09FEC3B3-2A2C-463F-AF08-69AA130ACB3A}.Debug|Any CPU.Build.0 = Debug|Any CPU
		{09FEC3B3-2A2C-463F-AF08-69AA130ACB3A}.Release|Any CPU.ActiveCfg = Release|Any CPU
		{09FEC3B3-2A2C-463F-AF08-69AA130ACB3A}.Release|Any CPU.Build.0 = Release|Any CPU
		{2AAD0659-CDEF-440F-BCA0-13722150A02D}.Debug|Any CPU.ActiveCfg = Debug|Any CPU
		{2AAD0659-CDEF-440F-BCA0-13722150A02D}.Debug|Any CPU.Build.0 = Debug|Any CPU
		{2AAD0659-CDEF-440F-BCA0-13722150A02D}.Release|Any CPU.ActiveCfg = Release|Any CPU
		{2AAD0659-CDEF-440F-BCA0-13722150A02D}.Release|Any CPU.Build.0 = Release|Any CPU
	EndGlobalSection
	GlobalSection(SolutionProperties) = preSolution
		HideSolutionNode = FALSE
	EndGlobalSection
	GlobalSection(ExtensibilityGlobals) = postSolution
		SolutionGuid = {CE3AB2B8-42CD-43D7-912B-72DA081194DD}
	EndGlobalSection
EndGlobal
