
Microsoft Visual Studio Solution File, Format Version 12.00
# Visual Studio Version 17
VisualStudioVersion = 17.13.35931.197
MinimumVisualStudioVersion = 10.0.40219.1
Project("{FAE04EC0-301F-11D3-BF4B-00C04F79EFBC}") = "Day1", "Day1\Day1.csproj", "{8311B17C-DF3B-486E-950A-17332B85133D}"
EndProject
Project("{FAE04EC0-301F-11D3-BF4B-00C04F79EFBC}") = "Day2", "Day2\Day2.csproj", "{6C573214-9B52-4A84-957F-D24821EFD5F8}"
EndProject
Project("{FAE04EC0-301F-11D3-BF4B-00C04F79EFBC}") = "Day3", "Day3\Day3.csproj", "{45818CDA-9E79-407A-B78E-C87BEFFCA62C}"
EndProject
Project("{FAE04EC0-301F-11D3-BF4B-00C04F79EFBC}") = "Day4", "Day4\Day4.csproj", "{5C3EC1B1-DE30-4498-8EA3-9CCBD75A0B3F}"
EndProject
Project("{FAE04EC0-301F-11D3-BF4B-00C04F79EFBC}") = "Day5", "Day5\Day5.csproj", "{4773BBEA-9395-4183-9635-978B82972D29}"
EndProject
Project("{FAE04EC0-301F-11D3-BF4B-00C04F79EFBC}") = "Day6", "Day6\Day6.csproj", "{09FEC3B3-2A2C-463F-AF08-69AA130ACB3A}"
EndProject
Project("{FAE04EC0-301F-11D3-BF4B-00C04F79EFBC}") = "Day7", "Day7\Day7.csproj", "{2AAD0659-CDEF-440F-BCA0-13722150A02D}"
EndProject
Project("{FAE04EC0-301F-11D3-BF4B-00C04F79EFBC}") = "Day7visualizer", "Day7visualizer\Day7visualizer.csproj", "{15CDADFB-EC7B-432A-9585-DF055CC19E8F}"
EndProject
Project("{FAE04EC0-301F-11D3-BF4B-00C04F79EFBC}") = "Day8", "Day8\Day8.csproj", "{3C00642B-A7F6-4DA0-9D93-5F9CAD13490D}"
EndProject
Project("{FAE04EC0-301F-11D3-BF4B-00C04F79EFBC}") = "Day9", "Day9\Day9.csproj", "{325CD9C2-3CCD-4392-9BA7-E49CC7EB2914}"
EndProject
Project("{FAE04EC0-301F-11D3-BF4B-00C04F79EFBC}") = "Day10", "Day10\Day10.csproj", "{C79EC4F7-EAB4-4DDE-8885-886B1CC95414}"
EndProject
Project("{FAE04EC0-301F-11D3-BF4B-00C04F79EFBC}") = "Day11", "Day11\Day11.csproj", "{A35CE701-B839-49E3-9B83-794FF2F5E8B5}"
EndProject
Project("{FAE04EC0-301F-11D3-BF4B-00C04F79EFBC}") = "Day12", "Day12\Day12.csproj", "{B1BD5608-2170-475F-B5DF-F5C9ECBD1BAE}"
EndProject
Project("{FAE04EC0-301F-11D3-BF4B-00C04F79EFBC}") = "Day13", "Day13\Day13.csproj", "{5CA28E65-4639-4F3A-9BB8-078394C772C4}"
EndProject
Project("{FAE04EC0-301F-11D3-BF4B-00C04F79EFBC}") = "Day14", "Day14\Day14.csproj", "{D48ACB4E-6E92-46CF-AFE8-E46B87CC433D}"
EndProject
Project("{FAE04EC0-301F-11D3-BF4B-00C04F79EFBC}") = "Day15", "Day15\Day15.csproj", "{4F551B93-EE2E-40C1-A95A-E6688213B1CD}"
EndProject
Project("{FAE04EC0-301F-11D3-BF4B-00C04F79EFBC}") = "Day16", "Day16\Day16.csproj", "{9854A592-CF5A-4FF7-B8BE-53B36A83A6A5}"
EndProject
Project("{FAE04EC0-301F-11D3-BF4B-00C04F79EFBC}") = "Day17", "Day17\Day17.csproj", "{1F84F5DB-3FC4-43F5-8DE3-A3B08E518D36}"
EndProject
Project("{FAE04EC0-301F-11D3-BF4B-00C04F79EFBC}") = "Day18", "Day18\Day18.csproj", "{4F6BB411-FD4D-481A-9533-FB3E0F9C2209}"
EndProject
Project("{FAE04EC0-301F-11D3-BF4B-00C04F79EFBC}") = "Day19", "Day19\Day19.csproj", "{DC9ED0A7-A543-4C36-A832-1FB669308489}"
EndProject
Global
	GlobalSection(SolutionConfigurationPlatforms) = preSolution
		Debug|Any CPU = Debug|Any CPU
		Release|Any CPU = Release|Any CPU
	EndGlobalSection
	GlobalSection(ProjectConfigurationPlatforms) = postSolution
		{8311B17C-DF3B-486E-950A-17332B85133D}.Debug|Any CPU.ActiveCfg = Debug|Any CPU
		{8311B17C-DF3B-486E-950A-17332B85133D}.Debug|Any CPU.Build.0 = Debug|Any CPU
		{8311B17C-DF3B-486E-950A-17332B85133D}.Release|Any CPU.ActiveCfg = Release|Any CPU
		{8311B17C-DF3B-486E-950A-17332B85133D}.Release|Any CPU.Build.0 = Release|Any CPU
		{6C573214-9B52-4A84-957F-D24821EFD5F8}.Debug|Any CPU.ActiveCfg = Debug|Any CPU
		{6C573214-9B52-4A84-957F-D24821EFD5F8}.Debug|Any CPU.Build.0 = Debug|Any CPU
		{6C573214-9B52-4A84-957F-D24821EFD5F8}.Release|Any CPU.ActiveCfg = Release|Any CPU
		{6C573214-9B52-4A84-957F-D24821EFD5F8}.Release|Any CPU.Build.0 = Release|Any CPU
		{45818CDA-9E79-407A-B78E-C87BEFFCA62C}.Debug|Any CPU.ActiveCfg = Debug|Any CPU
		{45818CDA-9E79-407A-B78E-C87BEFFCA62C}.Debug|Any CPU.Build.0 = Debug|Any CPU
		{45818CDA-9E79-407A-B78E-C87BEFFCA62C}.Release|Any CPU.ActiveCfg = Release|Any CPU
		{45818CDA-9E79-407A-B78E-C87BEFFCA62C}.Release|Any CPU.Build.0 = Release|Any CPU
		{5C3EC1B1-DE30-4498-8EA3-9CCBD75A0B3F}.Debug|Any CPU.ActiveCfg = Debug|Any CPU
		{5C3EC1B1-DE30-4498-8EA3-9CCBD75A0B3F}.Debug|Any CPU.Build.0 = Debug|Any CPU
		{5C3EC1B1-DE30-4498-8EA3-9CCBD75A0B3F}.Release|Any CPU.ActiveCfg = Release|Any CPU
		{5C3EC1B1-DE30-4498-8EA3-9CCBD75A0B3F}.Release|Any CPU.Build.0 = Release|Any CPU
		{4773BBEA-9395-4183-9635-978B82972D29}.Debug|Any CPU.ActiveCfg = Debug|Any CPU
		{4773BBEA-9395-4183-9635-978B82972D29}.Debug|Any CPU.Build.0 = Debug|Any CPU
		{4773BBEA-9395-4183-9635-978B82972D29}.Release|Any CPU.ActiveCfg = Release|Any CPU
		{4773BBEA-9395-4183-9635-978B82972D29}.Release|Any CPU.Build.0 = Release|Any CPU
		{09FEC3B3-2A2C-463F-AF08-69AA130ACB3A}.Debug|Any CPU.ActiveCfg = Debug|Any CPU
		{09FEC3B3-2A2C-463F-AF08-69AA130ACB3A}.Debug|Any CPU.Build.0 = Debug|Any CPU
		{09FEC3B3-2A2C-463F-AF08-69AA130ACB3A}.Release|Any CPU.ActiveCfg = Release|Any CPU
		{09FEC3B3-2A2C-463F-AF08-69AA130ACB3A}.Release|Any CPU.Build.0 = Release|Any CPU
		{2AAD0659-CDEF-440F-BCA0-13722150A02D}.Debug|Any CPU.ActiveCfg = Debug|Any CPU
		{2AAD0659-CDEF-440F-BCA0-13722150A02D}.Debug|Any CPU.Build.0 = Debug|Any CPU
		{2AAD0659-CDEF-440F-BCA0-13722150A02D}.Release|Any CPU.ActiveCfg = Release|Any CPU
		{2AAD0659-CDEF-440F-BCA0-13722150A02D}.Release|Any CPU.Build.0 = Release|Any CPU
		{15CDADFB-EC7B-432A-9585-DF055CC19E8F}.Debug|Any CPU.ActiveCfg = Debug|Any CPU
		{15CDADFB-EC7B-432A-9585-DF055CC19E8F}.Debug|Any CPU.Build.0 = Debug|Any CPU
		{15CDADFB-EC7B-432A-9585-DF055CC19E8F}.Release|Any CPU.ActiveCfg = Release|Any CPU
		{15CDADFB-EC7B-432A-9585-DF055CC19E8F}.Release|Any CPU.Build.0 = Release|Any CPU
		{3C00642B-A7F6-4DA0-9D93-5F9CAD13490D}.Debug|Any CPU.ActiveCfg = Debug|Any CPU
		{3C00642B-A7F6-4DA0-9D93-5F9CAD13490D}.Debug|Any CPU.Build.0 = Debug|Any CPU
		{3C00642B-A7F6-4DA0-9D93-5F9CAD13490D}.Release|Any CPU.ActiveCfg = Release|Any CPU
		{3C00642B-A7F6-4DA0-9D93-5F9CAD13490D}.Release|Any CPU.Build.0 = Release|Any CPU
		{325CD9C2-3CCD-4392-9BA7-E49CC7EB2914}.Debug|Any CPU.ActiveCfg = Debug|Any CPU
		{325CD9C2-3CCD-4392-9BA7-E49CC7EB2914}.Debug|Any CPU.Build.0 = Debug|Any CPU
		{325CD9C2-3CCD-4392-9BA7-E49CC7EB2914}.Release|Any CPU.ActiveCfg = Release|Any CPU
		{325CD9C2-3CCD-4392-9BA7-E49CC7EB2914}.Release|Any CPU.Build.0 = Release|Any CPU
		{C79EC4F7-EAB4-4DDE-8885-886B1CC95414}.Debug|Any CPU.ActiveCfg = Debug|Any CPU
		{C79EC4F7-EAB4-4DDE-8885-886B1CC95414}.Debug|Any CPU.Build.0 = Debug|Any CPU
		{C79EC4F7-EAB4-4DDE-8885-886B1CC95414}.Release|Any CPU.ActiveCfg = Release|Any CPU
		{C79EC4F7-EAB4-4DDE-8885-886B1CC95414}.Release|Any CPU.Build.0 = Release|Any CPU
		{A35CE701-B839-49E3-9B83-794FF2F5E8B5}.Debug|Any CPU.ActiveCfg = Debug|Any CPU
		{A35CE701-B839-49E3-9B83-794FF2F5E8B5}.Debug|Any CPU.Build.0 = Debug|Any CPU
		{A35CE701-B839-49E3-9B83-794FF2F5E8B5}.Release|Any CPU.ActiveCfg = Release|Any CPU
		{A35CE701-B839-49E3-9B83-794FF2F5E8B5}.Release|Any CPU.Build.0 = Release|Any CPU
		{B1BD5608-2170-475F-B5DF-F5C9ECBD1BAE}.Debug|Any CPU.ActiveCfg = Debug|Any CPU
		{B1BD5608-2170-475F-B5DF-F5C9ECBD1BAE}.Debug|Any CPU.Build.0 = Debug|Any CPU
		{B1BD5608-2170-475F-B5DF-F5C9ECBD1BAE}.Release|Any CPU.ActiveCfg = Release|Any CPU
		{B1BD5608-2170-475F-B5DF-F5C9ECBD1BAE}.Release|Any CPU.Build.0 = Release|Any CPU
		{5CA28E65-4639-4F3A-9BB8-078394C772C4}.Debug|Any CPU.ActiveCfg = Debug|Any CPU
		{5CA28E65-4639-4F3A-9BB8-078394C772C4}.Debug|Any CPU.Build.0 = Debug|Any CPU
		{5CA28E65-4639-4F3A-9BB8-078394C772C4}.Release|Any CPU.ActiveCfg = Release|Any CPU
		{5CA28E65-4639-4F3A-9BB8-078394C772C4}.Release|Any CPU.Build.0 = Release|Any CPU
		{D48ACB4E-6E92-46CF-AFE8-E46B87CC433D}.Debug|Any CPU.ActiveCfg = Debug|Any CPU
		{D48ACB4E-6E92-46CF-AFE8-E46B87CC433D}.Debug|Any CPU.Build.0 = Debug|Any CPU
		{D48ACB4E-6E92-46CF-AFE8-E46B87CC433D}.Release|Any CPU.ActiveCfg = Release|Any CPU
		{D48ACB4E-6E92-46CF-AFE8-E46B87CC433D}.Release|Any CPU.Build.0 = Release|Any CPU
		{4F551B93-EE2E-40C1-A95A-E6688213B1CD}.Debug|Any CPU.ActiveCfg = Debug|Any CPU
		{4F551B93-EE2E-40C1-A95A-E6688213B1CD}.Debug|Any CPU.Build.0 = Debug|Any CPU
		{4F551B93-EE2E-40C1-A95A-E6688213B1CD}.Release|Any CPU.ActiveCfg = Release|Any CPU
		{4F551B93-EE2E-40C1-A95A-E6688213B1CD}.Release|Any CPU.Build.0 = Release|Any CPU
		{9854A592-CF5A-4FF7-B8BE-53B36A83A6A5}.Debug|Any CPU.ActiveCfg = Debug|Any CPU
		{9854A592-CF5A-4FF7-B8BE-53B36A83A6A5}.Debug|Any CPU.Build.0 = Debug|Any CPU
		{9854A592-CF5A-4FF7-B8BE-53B36A83A6A5}.Release|Any CPU.ActiveCfg = Release|Any CPU
		{9854A592-CF5A-4FF7-B8BE-53B36A83A6A5}.Release|Any CPU.Build.0 = Release|Any CPU
		{1F84F5DB-3FC4-43F5-8DE3-A3B08E518D36}.Debug|Any CPU.ActiveCfg = Debug|Any CPU
		{1F84F5DB-3FC4-43F5-8DE3-A3B08E518D36}.Debug|Any CPU.Build.0 = Debug|Any CPU
		{1F84F5DB-3FC4-43F5-8DE3-A3B08E518D36}.Release|Any CPU.ActiveCfg = Release|Any CPU
		{1F84F5DB-3FC4-43F5-8DE3-A3B08E518D36}.Release|Any CPU.Build.0 = Release|Any CPU
		{4F6BB411-FD4D-481A-9533-FB3E0F9C2209}.Debug|Any CPU.ActiveCfg = Debug|Any CPU
		{4F6BB411-FD4D-481A-9533-FB3E0F9C2209}.Debug|Any CPU.Build.0 = Debug|Any CPU
		{4F6BB411-FD4D-481A-9533-FB3E0F9C2209}.Release|Any CPU.ActiveCfg = Release|Any CPU
		{4F6BB411-FD4D-481A-9533-FB3E0F9C2209}.Release|Any CPU.Build.0 = Release|Any CPU
		{DC9ED0A7-A543-4C36-A832-1FB669308489}.Debug|Any CPU.ActiveCfg = Debug|Any CPU
		{DC9ED0A7-A543-4C36-A832-1FB669308489}.Debug|Any CPU.Build.0 = Debug|Any CPU
		{DC9ED0A7-A543-4C36-A832-1FB669308489}.Release|Any CPU.ActiveCfg = Release|Any CPU
		{DC9ED0A7-A543-4C36-A832-1FB669308489}.Release|Any CPU.Build.0 = Release|Any CPU
	EndGlobalSection
	GlobalSection(SolutionProperties) = preSolution
		HideSolutionNode = FALSE
	EndGlobalSection
	GlobalSection(ExtensibilityGlobals) = postSolution
		SolutionGuid = {CE3AB2B8-42CD-43D7-912B-72DA081194DD}
	EndGlobalSection
EndGlobal
